github.com/ajstarks/dchart v0.0.0-20210210132611-1cfa06278524 h1:2mQvtHylc9ps0AKjpzHlOaos8/jhx6DEu9LCrLPOG4c=
github.com/ajstarks/dchart v0.0.0-20210210132611-1cfa06278524/go.mod h1:GXPFUglPl1WdKDyR7Sv/HjPHiId9LMjC8//dVQa+UNM=
github.com/ajstarks/dchart v0.0.0-20210215142204-fc59cfc11d3a h1:O6ypy7wtoSiL92FTJ5SjIi4VOrmfrjco/YDHr4Ep+Ds=
github.com/ajstarks/dchart v0.0.0-20210215142204-fc59cfc11d3a/go.mod h1:2lTjkn7CgU9qVy5uVDZKjhyy1eOSGS6dfQLzmJhwV6A=
github.com/ajstarks/deck v0.0.0-20200831202436-30c9fc6549a9/go.mod h1:JynElWSGnm/4RlzPXRlREEwqTHAN3T56Bv2ITsFT3gY=
github.com/ajstarks/deck v0.0.0-20210118004631-74fd83332834 h1:BLFPy3KF7ijV/fP3XpyqwPl2K+q2oeXF3rtRofhlieA=
github.com/ajstarks/deck v0.0.0-20210118004631-74fd83332834/go.mod h1:BmUjPwDhZdMkt7uV6LZ6K3Ge+zofY+iAPeVC9jRWvW4=
github.com/ajstarks/deck v0.0.0-20210223160852-fe71addea99d h1:dpZJm9Qp592g4383E+rznRg8EmqYG8ob1e0VN0Iqxh4=
github.com/ajstarks/deck v0.0.0-20210223160852-fe71addea99d/go.mod h1:BmUjPwDhZdMkt7uV6LZ6K3Ge+zofY+iAPeVC9jRWvW4=
github.com/ajstarks/deck/generate v0.0.0-20200831202436-30c9fc6549a9/go.mod h1:D/JDLUt8enaNLg7TEuwlg+n8w+OWrqOMBaUbnua/5K8=
github.com/ajstarks/deck/generate v0.0.0-20210118004631-74fd83332834 h1:fBHAiKv6GNO6/6iBt3NjDMHru57aD8URc7iueTp1f/Y=
github.com/ajstarks/deck/generate v0.0.0-20210118004631-74fd83332834/go.mod h1:T13YZdzov6OU0A1+RfKZiZN9ca6VeKdBdyDV+BY97Tk=
github.com/ajstarks/deck/generate v0.0.0-20210215135153-c7b3ce1b761e h1:TEHwbPGM81JKF4B+iLin6O81CaGJNhdUIRV/DycfC0s=
github.com/ajstarks/deck/generate v0.0.0-20210215135153-c7b3ce1b761e/go.mod h1:T13YZdzov6OU0A1+RfKZiZN9ca6VeKdBdyDV+BY97Tk=
github.com/ajstarks/svgo v0.0.0-20200725142600-7a3c8b57fecb/go.mod h1:K08gAheRH3/J6wwsYMMT4xOr94bZjxIelGM0+d/wbFw=
github.com/boombuler/barcode v1.0.0/go.mod h1:paBWMcWSl3LHKBqUq+rly7CNSldXjb2rDl3JlRe0mD8=
github.com/davecgh/go-spew v1.1.0/go.mod h1:J7Y8YcW2NihsgmVo/mv3lAwl/skON4iLHjSsI+c5H38=
github.com/disintegration/gift v1.2.1/go.mod h1:Jh2i7f7Q2BM7Ezno3PhfezbR1xpUg9dUg3/RlKGr4HI=
github.com/fogleman/gg v1.3.0/go.mod h1:R/bRT+9gY/C5z7JzPU0zXsXHKM4/ayA+zqcVNZzPa1k=
github.com/golang/freetype v0.0.0-20170609003504-e2365dfdc4a0/go.mod h1:E/TSTwGwJL78qG/PmXZO1EjYhfJinVAhrmmHX6Z8B9k=
github.com/jung-kurt/gofpdf v1.0.0/go.mod h1:7Id9E/uU8ce6rXgefFLlgrJj/GYY22cpxn+r32jIOes=
github.com/jung-kurt/gofpdf v1.16.2/go.mod h1:1hl7y57EsiPAkLbOwzpzqgx1A30nQCk/YmFV8S2vmK0=
github.com/phpdave11/gofpdi v1.0.7/go.mod h1:vBmVV0Do6hSBHC8uKUQ71JGW+ZGQq74llk/7bXwjDoI=
github.com/pkg/errors v0.8.1/go.mod h1:bwawxfHBFNV+L2hUp1rHADufV3IMtnDRdf1r5NINEl0=
github.com/pmezard/go-difflib v1.0.0/go.mod h1:iKH77koFhYxTK1pcRnkKkqfTogsbg7gZNVY4sRDYZ/4=
github.com/ruudk/golang-pdf417 v0.0.0-20181029194003-1af4ab5afa58/go.mod h1:6lfFZQK844Gfx8o5WFuvpxWRwnSoipWe/p622j1v06w=
github.com/stretchr/testify v1.2.2/go.mod h1:a8OnRcib4nhh0OaRAV+Yts87kKdq0PP7pXfy6kDkUVs=
golang.org/x/image v0.0.0-20190910094157-69e4b8554b2a/go.mod h1:FeLwcggjj3mMvU+oOTbSwawSJRM1uh48EjtB4UJZlP0=
golang.org/x/text v0.3.0/go.mod h1:NqM8EUOU14njkJ3fqMW+pc6Ldnwhi/IjpwHt7yyuwOQ=
